
Microsoft Visual Studio Solution File, Format Version 12.00
# Visual Studio Version 16
VisualStudioVersion = 16.0.29519.87
MinimumVisualStudioVersion = 10.0.40219.1
Project("{FAE04EC0-301F-11D3-BF4B-00C04F79EFBC}") = "WindowsFormsApp1", "WindowsFormsApp1\WindowsFormsApp1.csproj", "{817EAEC0-7268-4494-A80E-592825DD7665}"
EndProject
Project("{54435603-DBB4-11D2-8724-00A0C9A8B90C}") = "Setup1", "Setup1\Setup1.vdproj", "{F0E8C132-F003-47F5-87AD-13FFEC725AA8}"
EndProject
Global
	GlobalSection(SolutionConfigurationPlatforms) = preSolution
		Debug|Any CPU = Debug|Any CPU
		Release|Any CPU = Release|Any CPU
	EndGlobalSection
	GlobalSection(ProjectConfigurationPlatforms) = postSolution
		{817EAEC0-7268-4494-A80E-592825DD7665}.Debug|Any CPU.ActiveCfg = Debug|Any CPU
		{817EAEC0-7268-4494-A80E-592825DD7665}.Debug|Any CPU.Build.0 = Debug|Any CPU
		{817EAEC0-7268-4494-A80E-592825DD7665}.Release|Any CPU.ActiveCfg = Release|Any CPU
		{817EAEC0-7268-4494-A80E-592825DD7665}.Release|Any CPU.Build.0 = Release|Any CPU
		{F0E8C132-F003-47F5-87AD-13FFEC725AA8}.Debug|Any CPU.ActiveCfg = Debug
		{F0E8C132-F003-47F5-87AD-13FFEC725AA8}.Release|Any CPU.ActiveCfg = Release
	EndGlobalSection
	GlobalSection(SolutionProperties) = preSolution
		HideSolutionNode = FALSE
	EndGlobalSection
	GlobalSection(ExtensibilityGlobals) = postSolution
		SolutionGuid = {C9D1A6C5-9E7A-4839-B4F9-C4BC7A4B0436}
	EndGlobalSection
	GlobalSection(SolutionConfigurationPlatforms) = preSolution
		Debug|Any CPU = Debug|Any CPU
		Release|Any CPU = Release|Any CPU
	EndGlobalSection
EndGlobal
